// !$*UTF8*$!
{
	archiveVersion = 1;
	classes = {
	};
	objectVersion = 48;
	objects = {

/* Begin PBXBuildFile section */
		3E7AF15F0141DAF7DAC83E99 /* Pods_FirebaseTestUITests.framework in Frameworks */ = {isa = PBXBuildFile; fileRef = A6B6FBF52788D56FED0FBA34 /* Pods_FirebaseTestUITests.framework */; };
		59AE644D2025530D00A1213B /* AppDelegate.swift in Sources */ = {isa = PBXBuildFile; fileRef = 59AE644C2025530D00A1213B /* AppDelegate.swift */; };
		59AE644F2025530D00A1213B /* ViewController.swift in Sources */ = {isa = PBXBuildFile; fileRef = 59AE644E2025530D00A1213B /* ViewController.swift */; };
		59AE64522025530D00A1213B /* Main.storyboard in Resources */ = {isa = PBXBuildFile; fileRef = 59AE64502025530D00A1213B /* Main.storyboard */; };
		59AE64542025530D00A1213B /* Assets.xcassets in Resources */ = {isa = PBXBuildFile; fileRef = 59AE64532025530D00A1213B /* Assets.xcassets */; };
		59AE64572025530D00A1213B /* LaunchScreen.storyboard in Resources */ = {isa = PBXBuildFile; fileRef = 59AE64552025530D00A1213B /* LaunchScreen.storyboard */; };
		59AE64622025530D00A1213B /* FirebaseTestTests.swift in Sources */ = {isa = PBXBuildFile; fileRef = 59AE64612025530D00A1213B /* FirebaseTestTests.swift */; };
		59AE646D2025530D00A1213B /* FirebaseTestUITests.swift in Sources */ = {isa = PBXBuildFile; fileRef = 59AE646C2025530D00A1213B /* FirebaseTestUITests.swift */; };
		59AE647B2025579100A1213B /* GoogleService-Info.plist in Resources */ = {isa = PBXBuildFile; fileRef = 59AE647A2025579100A1213B /* GoogleService-Info.plist */; };
		59CD0CE3202C203C008FC8C1 /* SignupViewController.swift in Sources */ = {isa = PBXBuildFile; fileRef = 59CD0CE2202C203C008FC8C1 /* SignupViewController.swift */; };
		59CD0CE5202C24A9008FC8C1 /* LoginViewController.swift in Sources */ = {isa = PBXBuildFile; fileRef = 59CD0CE4202C24A8008FC8C1 /* LoginViewController.swift */; };
		59CD0CE72037F7E0008FC8C1 /* ListViewController.swift in Sources */ = {isa = PBXBuildFile; fileRef = 59CD0CE62037F7DF008FC8C1 /* ListViewController.swift */; };
		59CD0CEA2037F8B5008FC8C1 /* ListTableViewCell.swift in Sources */ = {isa = PBXBuildFile; fileRef = 59CD0CE82037F8B5008FC8C1 /* ListTableViewCell.swift */; };
		59CD0CEB2037F8B5008FC8C1 /* ListTableViewCell.xib in Resources */ = {isa = PBXBuildFile; fileRef = 59CD0CE92037F8B5008FC8C1 /* ListTableViewCell.xib */; };
		7647F8A7E3A4436090D39F18 /* Pods_FirebaseTestTests.framework in Frameworks */ = {isa = PBXBuildFile; fileRef = F54E6E8A5B0828CFE51A1B68 /* Pods_FirebaseTestTests.framework */; };
		E2CE9D896EE84F014B8ADB09 /* Pods_FirebaseTest.framework in Frameworks */ = {isa = PBXBuildFile; fileRef = 7D1890A55F16E69F27BF8687 /* Pods_FirebaseTest.framework */; };
/* End PBXBuildFile section */

/* Begin PBXContainerItemProxy section */
		59AE645E2025530D00A1213B /* PBXContainerItemProxy */ = {
			isa = PBXContainerItemProxy;
			containerPortal = 59AE64412025530D00A1213B /* Project object */;
			proxyType = 1;
			remoteGlobalIDString = 59AE64482025530D00A1213B;
			remoteInfo = FirebaseTest;
		};
		59AE64692025530D00A1213B /* PBXContainerItemProxy */ = {
			isa = PBXContainerItemProxy;
			containerPortal = 59AE64412025530D00A1213B /* Project object */;
			proxyType = 1;
			remoteGlobalIDString = 59AE64482025530D00A1213B;
			remoteInfo = FirebaseTest;
		};
/* End PBXContainerItemProxy section */

/* Begin PBXFileReference section */
		2B0C870CDAC56964BBC08A7F /* Pods-FirebaseTestUITests.release.xcconfig */ = {isa = PBXFileReference; includeInIndex = 1; lastKnownFileType = text.xcconfig; name = "Pods-FirebaseTestUITests.release.xcconfig"; path = "Pods/Target Support Files/Pods-FirebaseTestUITests/Pods-FirebaseTestUITests.release.xcconfig"; sourceTree = "<group>"; };
		39B220389BC1EA0BAD26EDC3 /* Pods-FirebaseTest.debug.xcconfig */ = {isa = PBXFileReference; includeInIndex = 1; lastKnownFileType = text.xcconfig; name = "Pods-FirebaseTest.debug.xcconfig"; path = "Pods/Target Support Files/Pods-FirebaseTest/Pods-FirebaseTest.debug.xcconfig"; sourceTree = "<group>"; };
		43DDD5E9986586D8B6863F0F /* Pods-FirebaseTestTests.release.xcconfig */ = {isa = PBXFileReference; includeInIndex = 1; lastKnownFileType = text.xcconfig; name = "Pods-FirebaseTestTests.release.xcconfig"; path = "Pods/Target Support Files/Pods-FirebaseTestTests/Pods-FirebaseTestTests.release.xcconfig"; sourceTree = "<group>"; };
		59AE64492025530D00A1213B /* FirebaseTest.app */ = {isa = PBXFileReference; explicitFileType = wrapper.application; includeInIndex = 0; path = FirebaseTest.app; sourceTree = BUILT_PRODUCTS_DIR; };
		59AE644C2025530D00A1213B /* AppDelegate.swift */ = {isa = PBXFileReference; lastKnownFileType = sourcecode.swift; path = AppDelegate.swift; sourceTree = "<group>"; };
		59AE644E2025530D00A1213B /* ViewController.swift */ = {isa = PBXFileReference; lastKnownFileType = sourcecode.swift; path = ViewController.swift; sourceTree = "<group>"; };
		59AE64512025530D00A1213B /* Base */ = {isa = PBXFileReference; lastKnownFileType = file.storyboard; name = Base; path = Base.lproj/Main.storyboard; sourceTree = "<group>"; };
		59AE64532025530D00A1213B /* Assets.xcassets */ = {isa = PBXFileReference; lastKnownFileType = folder.assetcatalog; path = Assets.xcassets; sourceTree = "<group>"; };
		59AE64562025530D00A1213B /* Base */ = {isa = PBXFileReference; lastKnownFileType = file.storyboard; name = Base; path = Base.lproj/LaunchScreen.storyboard; sourceTree = "<group>"; };
		59AE64582025530D00A1213B /* Info.plist */ = {isa = PBXFileReference; lastKnownFileType = text.plist.xml; path = Info.plist; sourceTree = "<group>"; };
		59AE645D2025530D00A1213B /* FirebaseTestTests.xctest */ = {isa = PBXFileReference; explicitFileType = wrapper.cfbundle; includeInIndex = 0; path = FirebaseTestTests.xctest; sourceTree = BUILT_PRODUCTS_DIR; };
		59AE64612025530D00A1213B /* FirebaseTestTests.swift */ = {isa = PBXFileReference; lastKnownFileType = sourcecode.swift; path = FirebaseTestTests.swift; sourceTree = "<group>"; };
		59AE64632025530D00A1213B /* Info.plist */ = {isa = PBXFileReference; lastKnownFileType = text.plist.xml; path = Info.plist; sourceTree = "<group>"; };
		59AE64682025530D00A1213B /* FirebaseTestUITests.xctest */ = {isa = PBXFileReference; explicitFileType = wrapper.cfbundle; includeInIndex = 0; path = FirebaseTestUITests.xctest; sourceTree = BUILT_PRODUCTS_DIR; };
		59AE646C2025530D00A1213B /* FirebaseTestUITests.swift */ = {isa = PBXFileReference; lastKnownFileType = sourcecode.swift; path = FirebaseTestUITests.swift; sourceTree = "<group>"; };
		59AE646E2025530D00A1213B /* Info.plist */ = {isa = PBXFileReference; lastKnownFileType = text.plist.xml; path = Info.plist; sourceTree = "<group>"; };
		59AE647A2025579100A1213B /* GoogleService-Info.plist */ = {isa = PBXFileReference; fileEncoding = 4; lastKnownFileType = text.plist.xml; path = "GoogleService-Info.plist"; sourceTree = "<group>"; };
		59CD0CE2202C203C008FC8C1 /* SignupViewController.swift */ = {isa = PBXFileReference; lastKnownFileType = sourcecode.swift; path = SignupViewController.swift; sourceTree = SOURCE_ROOT; };
		59CD0CE4202C24A8008FC8C1 /* LoginViewController.swift */ = {isa = PBXFileReference; lastKnownFileType = sourcecode.swift; path = LoginViewController.swift; sourceTree = "<group>"; };
		59CD0CE62037F7DF008FC8C1 /* ListViewController.swift */ = {isa = PBXFileReference; lastKnownFileType = sourcecode.swift; path = ListViewController.swift; sourceTree = "<group>"; };
		59CD0CE82037F8B5008FC8C1 /* ListTableViewCell.swift */ = {isa = PBXFileReference; lastKnownFileType = sourcecode.swift; path = ListTableViewCell.swift; sourceTree = "<group>"; };
		59CD0CE92037F8B5008FC8C1 /* ListTableViewCell.xib */ = {isa = PBXFileReference; lastKnownFileType = file.xib; path = ListTableViewCell.xib; sourceTree = "<group>"; };
		7D1890A55F16E69F27BF8687 /* Pods_FirebaseTest.framework */ = {isa = PBXFileReference; explicitFileType = wrapper.framework; includeInIndex = 0; path = Pods_FirebaseTest.framework; sourceTree = BUILT_PRODUCTS_DIR; };
		A349F33EEEF54A8A7F27EC63 /* Pods-FirebaseTestUITests.debug.xcconfig */ = {isa = PBXFileReference; includeInIndex = 1; lastKnownFileType = text.xcconfig; name = "Pods-FirebaseTestUITests.debug.xcconfig"; path = "Pods/Target Support Files/Pods-FirebaseTestUITests/Pods-FirebaseTestUITests.debug.xcconfig"; sourceTree = "<group>"; };
		A6B6FBF52788D56FED0FBA34 /* Pods_FirebaseTestUITests.framework */ = {isa = PBXFileReference; explicitFileType = wrapper.framework; includeInIndex = 0; path = Pods_FirebaseTestUITests.framework; sourceTree = BUILT_PRODUCTS_DIR; };
		EB8EFEEDF4E2BE6B634B7523 /* Pods-FirebaseTest.release.xcconfig */ = {isa = PBXFileReference; includeInIndex = 1; lastKnownFileType = text.xcconfig; name = "Pods-FirebaseTest.release.xcconfig"; path = "Pods/Target Support Files/Pods-FirebaseTest/Pods-FirebaseTest.release.xcconfig"; sourceTree = "<group>"; };
		F54E6E8A5B0828CFE51A1B68 /* Pods_FirebaseTestTests.framework */ = {isa = PBXFileReference; explicitFileType = wrapper.framework; includeInIndex = 0; path = Pods_FirebaseTestTests.framework; sourceTree = BUILT_PRODUCTS_DIR; };
		FEFD5D33CF98828355FA8EB1 /* Pods-FirebaseTestTests.debug.xcconfig */ = {isa = PBXFileReference; includeInIndex = 1; lastKnownFileType = text.xcconfig; name = "Pods-FirebaseTestTests.debug.xcconfig"; path = "Pods/Target Support Files/Pods-FirebaseTestTests/Pods-FirebaseTestTests.debug.xcconfig"; sourceTree = "<group>"; };
/* End PBXFileReference section */

/* Begin PBXFrameworksBuildPhase section */
		59AE64462025530D00A1213B /* Frameworks */ = {
			isa = PBXFrameworksBuildPhase;
			buildActionMask = 2147483647;
			files = (
				E2CE9D896EE84F014B8ADB09 /* Pods_FirebaseTest.framework in Frameworks */,
			);
			runOnlyForDeploymentPostprocessing = 0;
		};
		59AE645A2025530D00A1213B /* Frameworks */ = {
			isa = PBXFrameworksBuildPhase;
			buildActionMask = 2147483647;
			files = (
				7647F8A7E3A4436090D39F18 /* Pods_FirebaseTestTests.framework in Frameworks */,
			);
			runOnlyForDeploymentPostprocessing = 0;
		};
		59AE64652025530D00A1213B /* Frameworks */ = {
			isa = PBXFrameworksBuildPhase;
			buildActionMask = 2147483647;
			files = (
				3E7AF15F0141DAF7DAC83E99 /* Pods_FirebaseTestUITests.framework in Frameworks */,
			);
			runOnlyForDeploymentPostprocessing = 0;
		};
/* End PBXFrameworksBuildPhase section */

/* Begin PBXGroup section */
		52F9698632817C269005A59B /* Pods */ = {
			isa = PBXGroup;
			children = (
				39B220389BC1EA0BAD26EDC3 /* Pods-FirebaseTest.debug.xcconfig */,
				EB8EFEEDF4E2BE6B634B7523 /* Pods-FirebaseTest.release.xcconfig */,
				FEFD5D33CF98828355FA8EB1 /* Pods-FirebaseTestTests.debug.xcconfig */,
				43DDD5E9986586D8B6863F0F /* Pods-FirebaseTestTests.release.xcconfig */,
				A349F33EEEF54A8A7F27EC63 /* Pods-FirebaseTestUITests.debug.xcconfig */,
				2B0C870CDAC56964BBC08A7F /* Pods-FirebaseTestUITests.release.xcconfig */,
			);
			name = Pods;
			sourceTree = "<group>";
		};
		59AE64402025530D00A1213B = {
			isa = PBXGroup;
			children = (
				59AE644B2025530D00A1213B /* FirebaseTest */,
				59AE64602025530D00A1213B /* FirebaseTestTests */,
				59AE646B2025530D00A1213B /* FirebaseTestUITests */,
				59AE644A2025530D00A1213B /* Products */,
				52F9698632817C269005A59B /* Pods */,
				5C46C4A5913A75326F12AC8A /* Frameworks */,
			);
			sourceTree = "<group>";
		};
		59AE644A2025530D00A1213B /* Products */ = {
			isa = PBXGroup;
			children = (
				59AE64492025530D00A1213B /* FirebaseTest.app */,
				59AE645D2025530D00A1213B /* FirebaseTestTests.xctest */,
				59AE64682025530D00A1213B /* FirebaseTestUITests.xctest */,
			);
			name = Products;
			sourceTree = "<group>";
		};
		59AE644B2025530D00A1213B /* FirebaseTest */ = {
			isa = PBXGroup;
			children = (
				59AE644C2025530D00A1213B /* AppDelegate.swift */,
				59CD0CE2202C203C008FC8C1 /* SignupViewController.swift */,
				59CD0CE4202C24A8008FC8C1 /* LoginViewController.swift */,
				59CD0CE62037F7DF008FC8C1 /* ListViewController.swift */,
				59AE644E2025530D00A1213B /* ViewController.swift */,
				59CD0CEC2037F8D8008FC8C1 /* ListTableViewCell */,
				59AE64502025530D00A1213B /* Main.storyboard */,
				59AE64532025530D00A1213B /* Assets.xcassets */,
				59AE64552025530D00A1213B /* LaunchScreen.storyboard */,
				59AE64582025530D00A1213B /* Info.plist */,
				59AE647A2025579100A1213B /* GoogleService-Info.plist */,
			);
			path = FirebaseTest;
			sourceTree = "<group>";
		};
		59AE64602025530D00A1213B /* FirebaseTestTests */ = {
			isa = PBXGroup;
			children = (
				59AE64612025530D00A1213B /* FirebaseTestTests.swift */,
				59AE64632025530D00A1213B /* Info.plist */,
			);
			path = FirebaseTestTests;
			sourceTree = "<group>";
		};
		59AE646B2025530D00A1213B /* FirebaseTestUITests */ = {
			isa = PBXGroup;
			children = (
				59AE646C2025530D00A1213B /* FirebaseTestUITests.swift */,
				59AE646E2025530D00A1213B /* Info.plist */,
			);
			path = FirebaseTestUITests;
			sourceTree = "<group>";
		};
		59CD0CEC2037F8D8008FC8C1 /* ListTableViewCell */ = {
			isa = PBXGroup;
			children = (
				59CD0CE82037F8B5008FC8C1 /* ListTableViewCell.swift */,
				59CD0CE92037F8B5008FC8C1 /* ListTableViewCell.xib */,
			);
			path = ListTableViewCell;
			sourceTree = "<group>";
		};
		5C46C4A5913A75326F12AC8A /* Frameworks */ = {
			isa = PBXGroup;
			children = (
				7D1890A55F16E69F27BF8687 /* Pods_FirebaseTest.framework */,
				F54E6E8A5B0828CFE51A1B68 /* Pods_FirebaseTestTests.framework */,
				A6B6FBF52788D56FED0FBA34 /* Pods_FirebaseTestUITests.framework */,
			);
			name = Frameworks;
			sourceTree = "<group>";
		};
/* End PBXGroup section */

/* Begin PBXNativeTarget section */
		59AE64482025530D00A1213B /* FirebaseTest */ = {
			isa = PBXNativeTarget;
			buildConfigurationList = 59AE64712025530D00A1213B /* Build configuration list for PBXNativeTarget "FirebaseTest" */;
			buildPhases = (
				5AB8279B3553FDE8F280EBD7 /* [CP] Check Pods Manifest.lock */,
				59AE64452025530D00A1213B /* Sources */,
				59AE64462025530D00A1213B /* Frameworks */,
				59AE64472025530D00A1213B /* Resources */,
				69291CFC2AF3B376663AF67A /* [CP] Embed Pods Frameworks */,
				61D5D55D443DBE35C1319A27 /* [CP] Copy Pods Resources */,
			);
			buildRules = (
			);
			dependencies = (
			);
			name = FirebaseTest;
			productName = FirebaseTest;
			productReference = 59AE64492025530D00A1213B /* FirebaseTest.app */;
			productType = "com.apple.product-type.application";
		};
		59AE645C2025530D00A1213B /* FirebaseTestTests */ = {
			isa = PBXNativeTarget;
			buildConfigurationList = 59AE64742025530D00A1213B /* Build configuration list for PBXNativeTarget "FirebaseTestTests" */;
			buildPhases = (
				87A0E416F2E10D594419ADF3 /* [CP] Check Pods Manifest.lock */,
				59AE64592025530D00A1213B /* Sources */,
				59AE645A2025530D00A1213B /* Frameworks */,
				59AE645B2025530D00A1213B /* Resources */,
				706617305152640C0D87B8DC /* [CP] Embed Pods Frameworks */,
				EC4218662E21EA6DDAA30DF6 /* [CP] Copy Pods Resources */,
			);
			buildRules = (
			);
			dependencies = (
				59AE645F2025530D00A1213B /* PBXTargetDependency */,
			);
			name = FirebaseTestTests;
			productName = FirebaseTestTests;
			productReference = 59AE645D2025530D00A1213B /* FirebaseTestTests.xctest */;
			productType = "com.apple.product-type.bundle.unit-test";
		};
		59AE64672025530D00A1213B /* FirebaseTestUITests */ = {
			isa = PBXNativeTarget;
			buildConfigurationList = 59AE64772025530D00A1213B /* Build configuration list for PBXNativeTarget "FirebaseTestUITests" */;
			buildPhases = (
				338A3E569D13D470ADCA51DB /* [CP] Check Pods Manifest.lock */,
				59AE64642025530D00A1213B /* Sources */,
				59AE64652025530D00A1213B /* Frameworks */,
				59AE64662025530D00A1213B /* Resources */,
				AAF4785060AE6B18D28BEB59 /* [CP] Embed Pods Frameworks */,
				11E12BD0FBBBE591B3C372CD /* [CP] Copy Pods Resources */,
			);
			buildRules = (
			);
			dependencies = (
				59AE646A2025530D00A1213B /* PBXTargetDependency */,
			);
			name = FirebaseTestUITests;
			productName = FirebaseTestUITests;
			productReference = 59AE64682025530D00A1213B /* FirebaseTestUITests.xctest */;
			productType = "com.apple.product-type.bundle.ui-testing";
		};
/* End PBXNativeTarget section */

/* Begin PBXProject section */
		59AE64412025530D00A1213B /* Project object */ = {
			isa = PBXProject;
			attributes = {
				LastSwiftUpdateCheck = 0920;
				LastUpgradeCheck = 0920;
				ORGANIZATIONNAME = "Erika Maemoto";
				TargetAttributes = {
					59AE64482025530D00A1213B = {
						CreatedOnToolsVersion = 9.2;
						ProvisioningStyle = Automatic;
					};
					59AE645C2025530D00A1213B = {
						CreatedOnToolsVersion = 9.2;
						ProvisioningStyle = Automatic;
						TestTargetID = 59AE64482025530D00A1213B;
					};
					59AE64672025530D00A1213B = {
						CreatedOnToolsVersion = 9.2;
						ProvisioningStyle = Automatic;
						TestTargetID = 59AE64482025530D00A1213B;
					};
				};
			};
			buildConfigurationList = 59AE64442025530D00A1213B /* Build configuration list for PBXProject "FirebaseTest" */;
			compatibilityVersion = "Xcode 8.0";
			developmentRegion = en;
			hasScannedForEncodings = 0;
			knownRegions = (
				en,
				Base,
			);
			mainGroup = 59AE64402025530D00A1213B;
			productRefGroup = 59AE644A2025530D00A1213B /* Products */;
			projectDirPath = "";
			projectRoot = "";
			targets = (
				59AE64482025530D00A1213B /* FirebaseTest */,
				59AE645C2025530D00A1213B /* FirebaseTestTests */,
				59AE64672025530D00A1213B /* FirebaseTestUITests */,
			);
		};
/* End PBXProject section */

/* Begin PBXResourcesBuildPhase section */
		59AE64472025530D00A1213B /* Resources */ = {
			isa = PBXResourcesBuildPhase;
			buildActionMask = 2147483647;
			files = (
				59AE64572025530D00A1213B /* LaunchScreen.storyboard in Resources */,
				59AE647B2025579100A1213B /* GoogleService-Info.plist in Resources */,
				59AE64542025530D00A1213B /* Assets.xcassets in Resources */,
				59AE64522025530D00A1213B /* Main.storyboard in Resources */,
				59CD0CEB2037F8B5008FC8C1 /* ListTableViewCell.xib in Resources */,
			);
			runOnlyForDeploymentPostprocessing = 0;
		};
		59AE645B2025530D00A1213B /* Resources */ = {
			isa = PBXResourcesBuildPhase;
			buildActionMask = 2147483647;
			files = (
			);
			runOnlyForDeploymentPostprocessing = 0;
		};
		59AE64662025530D00A1213B /* Resources */ = {
			isa = PBXResourcesBuildPhase;
			buildActionMask = 2147483647;
			files = (
			);
			runOnlyForDeploymentPostprocessing = 0;
		};
/* End PBXResourcesBuildPhase section */

/* Begin PBXShellScriptBuildPhase section */
		11E12BD0FBBBE591B3C372CD /* [CP] Copy Pods Resources */ = {
			isa = PBXShellScriptBuildPhase;
			buildActionMask = 2147483647;
			files = (
			);
			inputPaths = (
			);
			name = "[CP] Copy Pods Resources";
			outputPaths = (
			);
			runOnlyForDeploymentPostprocessing = 0;
			shellPath = /bin/sh;
			shellScript = "\"${SRCROOT}/Pods/Target Support Files/Pods-FirebaseTestUITests/Pods-FirebaseTestUITests-resources.sh\"\n";
			showEnvVarsInLog = 0;
		};
		338A3E569D13D470ADCA51DB /* [CP] Check Pods Manifest.lock */ = {
			isa = PBXShellScriptBuildPhase;
			buildActionMask = 2147483647;
			files = (
			);
			inputPaths = (
			);
			name = "[CP] Check Pods Manifest.lock";
			outputPaths = (
			);
			runOnlyForDeploymentPostprocessing = 0;
			shellPath = /bin/sh;
			shellScript = "diff \"${PODS_PODFILE_DIR_PATH}/Podfile.lock\" \"${PODS_ROOT}/Manifest.lock\" > /dev/null\nif [ $? != 0 ] ; then\n    # print error to STDERR\n    echo \"error: The sandbox is not in sync with the Podfile.lock. Run 'pod install' or update your CocoaPods installation.\" >&2\n    exit 1\nfi\n";
			showEnvVarsInLog = 0;
		};
		5AB8279B3553FDE8F280EBD7 /* [CP] Check Pods Manifest.lock */ = {
			isa = PBXShellScriptBuildPhase;
			buildActionMask = 2147483647;
			files = (
			);
			inputPaths = (
			);
			name = "[CP] Check Pods Manifest.lock";
			outputPaths = (
			);
			runOnlyForDeploymentPostprocessing = 0;
			shellPath = /bin/sh;
			shellScript = "diff \"${PODS_PODFILE_DIR_PATH}/Podfile.lock\" \"${PODS_ROOT}/Manifest.lock\" > /dev/null\nif [ $? != 0 ] ; then\n    # print error to STDERR\n    echo \"error: The sandbox is not in sync with the Podfile.lock. Run 'pod install' or update your CocoaPods installation.\" >&2\n    exit 1\nfi\n";
			showEnvVarsInLog = 0;
		};
		61D5D55D443DBE35C1319A27 /* [CP] Copy Pods Resources */ = {
			isa = PBXShellScriptBuildPhase;
			buildActionMask = 2147483647;
			files = (
			);
			inputPaths = (
			);
			name = "[CP] Copy Pods Resources";
			outputPaths = (
			);
			runOnlyForDeploymentPostprocessing = 0;
			shellPath = /bin/sh;
			shellScript = "\"${SRCROOT}/Pods/Target Support Files/Pods-FirebaseTest/Pods-FirebaseTest-resources.sh\"\n";
			showEnvVarsInLog = 0;
		};
		69291CFC2AF3B376663AF67A /* [CP] Embed Pods Frameworks */ = {
			isa = PBXShellScriptBuildPhase;
			buildActionMask = 2147483647;
			files = (
			);
			inputPaths = (
			);
			name = "[CP] Embed Pods Frameworks";
			outputPaths = (
			);
			runOnlyForDeploymentPostprocessing = 0;
			shellPath = /bin/sh;
			shellScript = "\"${SRCROOT}/Pods/Target Support Files/Pods-FirebaseTest/Pods-FirebaseTest-frameworks.sh\"\n";
			showEnvVarsInLog = 0;
		};
		706617305152640C0D87B8DC /* [CP] Embed Pods Frameworks */ = {
			isa = PBXShellScriptBuildPhase;
			buildActionMask = 2147483647;
			files = (
			);
			inputPaths = (
			);
			name = "[CP] Embed Pods Frameworks";
			outputPaths = (
			);
			runOnlyForDeploymentPostprocessing = 0;
			shellPath = /bin/sh;
			shellScript = "\"${SRCROOT}/Pods/Target Support Files/Pods-FirebaseTestTests/Pods-FirebaseTestTests-frameworks.sh\"\n";
			showEnvVarsInLog = 0;
		};
		87A0E416F2E10D594419ADF3 /* [CP] Check Pods Manifest.lock */ = {
			isa = PBXShellScriptBuildPhase;
			buildActionMask = 2147483647;
			files = (
			);
			inputPaths = (
			);
			name = "[CP] Check Pods Manifest.lock";
			outputPaths = (
			);
			runOnlyForDeploymentPostprocessing = 0;
			shellPath = /bin/sh;
			shellScript = "diff \"${PODS_PODFILE_DIR_PATH}/Podfile.lock\" \"${PODS_ROOT}/Manifest.lock\" > /dev/null\nif [ $? != 0 ] ; then\n    # print error to STDERR\n    echo \"error: The sandbox is not in sync with the Podfile.lock. Run 'pod install' or update your CocoaPods installation.\" >&2\n    exit 1\nfi\n";
			showEnvVarsInLog = 0;
		};
		AAF4785060AE6B18D28BEB59 /* [CP] Embed Pods Frameworks */ = {
			isa = PBXShellScriptBuildPhase;
			buildActionMask = 2147483647;
			files = (
			);
			inputPaths = (
			);
			name = "[CP] Embed Pods Frameworks";
			outputPaths = (
			);
			runOnlyForDeploymentPostprocessing = 0;
			shellPath = /bin/sh;
			shellScript = "\"${SRCROOT}/Pods/Target Support Files/Pods-FirebaseTestUITests/Pods-FirebaseTestUITests-frameworks.sh\"\n";
			showEnvVarsInLog = 0;
		};
		EC4218662E21EA6DDAA30DF6 /* [CP] Copy Pods Resources */ = {
			isa = PBXShellScriptBuildPhase;
			buildActionMask = 2147483647;
			files = (
			);
			inputPaths = (
			);
			name = "[CP] Copy Pods Resources";
			outputPaths = (
			);
			runOnlyForDeploymentPostprocessing = 0;
			shellPath = /bin/sh;
			shellScript = "\"${SRCROOT}/Pods/Target Support Files/Pods-FirebaseTestTests/Pods-FirebaseTestTests-resources.sh\"\n";
			showEnvVarsInLog = 0;
		};
/* End PBXShellScriptBuildPhase section */

/* Begin PBXSourcesBuildPhase section */
		59AE64452025530D00A1213B /* Sources */ = {
			isa = PBXSourcesBuildPhase;
			buildActionMask = 2147483647;
			files = (
				59CD0CE5202C24A9008FC8C1 /* LoginViewController.swift in Sources */,
				59CD0CE3202C203C008FC8C1 /* SignupViewController.swift in Sources */,
				59AE644F2025530D00A1213B /* ViewController.swift in Sources */,
				59CD0CE72037F7E0008FC8C1 /* ListViewController.swift in Sources */,
				59AE644D2025530D00A1213B /* AppDelegate.swift in Sources */,
				59CD0CEA2037F8B5008FC8C1 /* ListTableViewCell.swift in Sources */,
			);
			runOnlyForDeploymentPostprocessing = 0;
		};
		59AE64592025530D00A1213B /* Sources */ = {
			isa = PBXSourcesBuildPhase;
			buildActionMask = 2147483647;
			files = (
				59AE64622025530D00A1213B /* FirebaseTestTests.swift in Sources */,
			);
			runOnlyForDeploymentPostprocessing = 0;
		};
		59AE64642025530D00A1213B /* Sources */ = {
			isa = PBXSourcesBuildPhase;
			buildActionMask = 2147483647;
			files = (
				59AE646D2025530D00A1213B /* FirebaseTestUITests.swift in Sources */,
			);
			runOnlyForDeploymentPostprocessing = 0;
		};
/* End PBXSourcesBuildPhase section */

/* Begin PBXTargetDependency section */
		59AE645F2025530D00A1213B /* PBXTargetDependency */ = {
			isa = PBXTargetDependency;
			target = 59AE64482025530D00A1213B /* FirebaseTest */;
			targetProxy = 59AE645E2025530D00A1213B /* PBXContainerItemProxy */;
		};
		59AE646A2025530D00A1213B /* PBXTargetDependency */ = {
			isa = PBXTargetDependency;
			target = 59AE64482025530D00A1213B /* FirebaseTest */;
			targetProxy = 59AE64692025530D00A1213B /* PBXContainerItemProxy */;
		};
/* End PBXTargetDependency section */

/* Begin PBXVariantGroup section */
		59AE64502025530D00A1213B /* Main.storyboard */ = {
			isa = PBXVariantGroup;
			children = (
				59AE64512025530D00A1213B /* Base */,
			);
			name = Main.storyboard;
			sourceTree = "<group>";
		};
		59AE64552025530D00A1213B /* LaunchScreen.storyboard */ = {
			isa = PBXVariantGroup;
			children = (
				59AE64562025530D00A1213B /* Base */,
			);
			name = LaunchScreen.storyboard;
			sourceTree = "<group>";
		};
/* End PBXVariantGroup section */

/* Begin XCBuildConfiguration section */
		59AE646F2025530D00A1213B /* Debug */ = {
			isa = XCBuildConfiguration;
			buildSettings = {
				ALWAYS_SEARCH_USER_PATHS = NO;
				CLANG_ANALYZER_NONNULL = YES;
				CLANG_ANALYZER_NUMBER_OBJECT_CONVERSION = YES_AGGRESSIVE;
				CLANG_CXX_LANGUAGE_STANDARD = "gnu++14";
				CLANG_CXX_LIBRARY = "libc++";
				CLANG_ENABLE_MODULES = YES;
				CLANG_ENABLE_OBJC_ARC = YES;
				CLANG_WARN_BLOCK_CAPTURE_AUTORELEASING = YES;
				CLANG_WARN_BOOL_CONVERSION = YES;
				CLANG_WARN_COMMA = YES;
				CLANG_WARN_CONSTANT_CONVERSION = YES;
				CLANG_WARN_DIRECT_OBJC_ISA_USAGE = YES_ERROR;
				CLANG_WARN_DOCUMENTATION_COMMENTS = YES;
				CLANG_WARN_EMPTY_BODY = YES;
				CLANG_WARN_ENUM_CONVERSION = YES;
				CLANG_WARN_INFINITE_RECURSION = YES;
				CLANG_WARN_INT_CONVERSION = YES;
				CLANG_WARN_NON_LITERAL_NULL_CONVERSION = YES;
				CLANG_WARN_OBJC_LITERAL_CONVERSION = YES;
				CLANG_WARN_OBJC_ROOT_CLASS = YES_ERROR;
				CLANG_WARN_RANGE_LOOP_ANALYSIS = YES;
				CLANG_WARN_STRICT_PROTOTYPES = YES;
				CLANG_WARN_SUSPICIOUS_MOVE = YES;
				CLANG_WARN_UNGUARDED_AVAILABILITY = YES_AGGRESSIVE;
				CLANG_WARN_UNREACHABLE_CODE = YES;
				CLANG_WARN__DUPLICATE_METHOD_MATCH = YES;
				CODE_SIGN_IDENTITY = "iPhone Developer";
				COPY_PHASE_STRIP = NO;
				DEBUG_INFORMATION_FORMAT = dwarf;
				ENABLE_STRICT_OBJC_MSGSEND = YES;
				ENABLE_TESTABILITY = YES;
				GCC_C_LANGUAGE_STANDARD = gnu11;
				GCC_DYNAMIC_NO_PIC = NO;
				GCC_NO_COMMON_BLOCKS = YES;
				GCC_OPTIMIZATION_LEVEL = 0;
				GCC_PREPROCESSOR_DEFINITIONS = (
					"DEBUG=1",
					"$(inherited)",
				);
				GCC_WARN_64_TO_32_BIT_CONVERSION = YES;
				GCC_WARN_ABOUT_RETURN_TYPE = YES_ERROR;
				GCC_WARN_UNDECLARED_SELECTOR = YES;
				GCC_WARN_UNINITIALIZED_AUTOS = YES_AGGRESSIVE;
				GCC_WARN_UNUSED_FUNCTION = YES;
				GCC_WARN_UNUSED_VARIABLE = YES;
				IPHONEOS_DEPLOYMENT_TARGET = 11.2;
				MTL_ENABLE_DEBUG_INFO = YES;
				ONLY_ACTIVE_ARCH = YES;
				SDKROOT = iphoneos;
				SWIFT_ACTIVE_COMPILATION_CONDITIONS = DEBUG;
				SWIFT_OPTIMIZATION_LEVEL = "-Onone";
			};
			name = Debug;
		};
		59AE64702025530D00A1213B /* Release */ = {
			isa = XCBuildConfiguration;
			buildSettings = {
				ALWAYS_SEARCH_USER_PATHS = NO;
				CLANG_ANALYZER_NONNULL = YES;
				CLANG_ANALYZER_NUMBER_OBJECT_CONVERSION = YES_AGGRESSIVE;
				CLANG_CXX_LANGUAGE_STANDARD = "gnu++14";
				CLANG_CXX_LIBRARY = "libc++";
				CLANG_ENABLE_MODULES = YES;
				CLANG_ENABLE_OBJC_ARC = YES;
				CLANG_WARN_BLOCK_CAPTURE_AUTORELEASING = YES;
				CLANG_WARN_BOOL_CONVERSION = YES;
				CLANG_WARN_COMMA = YES;
				CLANG_WARN_CONSTANT_CONVERSION = YES;
				CLANG_WARN_DIRECT_OBJC_ISA_USAGE = YES_ERROR;
				CLANG_WARN_DOCUMENTATION_COMMENTS = YES;
				CLANG_WARN_EMPTY_BODY = YES;
				CLANG_WARN_ENUM_CONVERSION = YES;
				CLANG_WARN_INFINITE_RECURSION = YES;
				CLANG_WARN_INT_CONVERSION = YES;
				CLANG_WARN_NON_LITERAL_NULL_CONVERSION = YES;
				CLANG_WARN_OBJC_LITERAL_CONVERSION = YES;
				CLANG_WARN_OBJC_ROOT_CLASS = YES_ERROR;
				CLANG_WARN_RANGE_LOOP_ANALYSIS = YES;
				CLANG_WARN_STRICT_PROTOTYPES = YES;
				CLANG_WARN_SUSPICIOUS_MOVE = YES;
				CLANG_WARN_UNGUARDED_AVAILABILITY = YES_AGGRESSIVE;
				CLANG_WARN_UNREACHABLE_CODE = YES;
				CLANG_WARN__DUPLICATE_METHOD_MATCH = YES;
				CODE_SIGN_IDENTITY = "iPhone Developer";
				COPY_PHASE_STRIP = NO;
				DEBUG_INFORMATION_FORMAT = "dwarf-with-dsym";
				ENABLE_NS_ASSERTIONS = NO;
				ENABLE_STRICT_OBJC_MSGSEND = YES;
				GCC_C_LANGUAGE_STANDARD = gnu11;
				GCC_NO_COMMON_BLOCKS = YES;
				GCC_WARN_64_TO_32_BIT_CONVERSION = YES;
				GCC_WARN_ABOUT_RETURN_TYPE = YES_ERROR;
				GCC_WARN_UNDECLARED_SELECTOR = YES;
				GCC_WARN_UNINITIALIZED_AUTOS = YES_AGGRESSIVE;
				GCC_WARN_UNUSED_FUNCTION = YES;
				GCC_WARN_UNUSED_VARIABLE = YES;
				IPHONEOS_DEPLOYMENT_TARGET = 11.2;
				MTL_ENABLE_DEBUG_INFO = NO;
				SDKROOT = iphoneos;
				SWIFT_OPTIMIZATION_LEVEL = "-Owholemodule";
				VALIDATE_PRODUCT = YES;
			};
			name = Release;
		};
		59AE64722025530D00A1213B /* Debug */ = {
			isa = XCBuildConfiguration;
			baseConfigurationReference = 39B220389BC1EA0BAD26EDC3 /* Pods-FirebaseTest.debug.xcconfig */;
			buildSettings = {
				ASSETCATALOG_COMPILER_APPICON_NAME = AppIcon;
				CODE_SIGN_STYLE = Automatic;
				DEVELOPMENT_TEAM = QN8YQN7K6Q;
				INFOPLIST_FILE = FirebaseTest/Info.plist;
				IPHONEOS_DEPLOYMENT_TARGET = 11.0;
				LD_RUNPATH_SEARCH_PATHS = "$(inherited) @executable_path/Frameworks";
				PRODUCT_BUNDLE_IDENTIFIER = com.erika.FirebaseTest;
				PRODUCT_NAME = "$(TARGET_NAME)";
				SWIFT_VERSION = 4.0;
				TARGETED_DEVICE_FAMILY = "1,2";
			};
			name = Debug;
		};
		59AE64732025530D00A1213B /* Release */ = {
			isa = XCBuildConfiguration;
			baseConfigurationReference = EB8EFEEDF4E2BE6B634B7523 /* Pods-FirebaseTest.release.xcconfig */;
			buildSettings = {
				ASSETCATALOG_COMPILER_APPICON_NAME = AppIcon;
				CODE_SIGN_STYLE = Automatic;
				DEVELOPMENT_TEAM = QN8YQN7K6Q;
				INFOPLIST_FILE = FirebaseTest/Info.plist;
				IPHONEOS_DEPLOYMENT_TARGET = 11.0;
				LD_RUNPATH_SEARCH_PATHS = "$(inherited) @executable_path/Frameworks";
				PRODUCT_BUNDLE_IDENTIFIER = com.erika.FirebaseTest;
				PRODUCT_NAME = "$(TARGET_NAME)";
				SWIFT_VERSION = 4.0;
				TARGETED_DEVICE_FAMILY = "1,2";
			};
			name = Release;
		};
		59AE64752025530D00A1213B /* Debug */ = {
			isa = XCBuildConfiguration;
			baseConfigurationReference = FEFD5D33CF98828355FA8EB1 /* Pods-FirebaseTestTests.debug.xcconfig */;
			buildSettings = {
				ALWAYS_EMBED_SWIFT_STANDARD_LIBRARIES = YES;
				BUNDLE_LOADER = "$(TEST_HOST)";
				CODE_SIGN_STYLE = Automatic;
				DEVELOPMENT_TEAM = QN8YQN7K6Q;
				INFOPLIST_FILE = FirebaseTestTests/Info.plist;
				LD_RUNPATH_SEARCH_PATHS = "$(inherited) @executable_path/Frameworks @loader_path/Frameworks";
				PRODUCT_BUNDLE_IDENTIFIER = com.erika.FirebaseTestTests;
				PRODUCT_NAME = "$(TARGET_NAME)";
				SWIFT_VERSION = 4.0;
				TARGETED_DEVICE_FAMILY = "1,2";
				TEST_HOST = "$(BUILT_PRODUCTS_DIR)/FirebaseTest.app/FirebaseTest";
			};
			name = Debug;
		};
		59AE64762025530D00A1213B /* Release */ = {
			isa = XCBuildConfiguration;
			baseConfigurationReference = 43DDD5E9986586D8B6863F0F /* Pods-FirebaseTestTests.release.xcconfig */;
			buildSettings = {
				ALWAYS_EMBED_SWIFT_STANDARD_LIBRARIES = YES;
				BUNDLE_LOADER = "$(TEST_HOST)";
				CODE_SIGN_STYLE = Automatic;
				DEVELOPMENT_TEAM = QN8YQN7K6Q;
				INFOPLIST_FILE = FirebaseTestTests/Info.plist;
				LD_RUNPATH_SEARCH_PATHS = "$(inherited) @executable_path/Frameworks @loader_path/Frameworks";
				PRODUCT_BUNDLE_IDENTIFIER = com.erika.FirebaseTestTests;
				PRODUCT_NAME = "$(TARGET_NAME)";
				SWIFT_VERSION = 4.0;
				TARGETED_DEVICE_FAMILY = "1,2";
				TEST_HOST = "$(BUILT_PRODUCTS_DIR)/FirebaseTest.app/FirebaseTest";
			};
			name = Release;
		};
		59AE64782025530D00A1213B /* Debug */ = {
			isa = XCBuildConfiguration;
			baseConfigurationReference = A349F33EEEF54A8A7F27EC63 /* Pods-FirebaseTestUITests.debug.xcconfig */;
			buildSettings = {
				ALWAYS_EMBED_SWIFT_STANDARD_LIBRARIES = YES;
				CODE_SIGN_STYLE = Automatic;
				DEVELOPMENT_TEAM = QN8YQN7K6Q;
				INFOPLIST_FILE = FirebaseTestUITests/Info.plist;
				LD_RUNPATH_SEARCH_PATHS = "$(inherited) @executable_path/Frameworks @loader_path/Frameworks";
				PRODUCT_BUNDLE_IDENTIFIER = com.erika.FirebaseTestUITests;
				PRODUCT_NAME = "$(TARGET_NAME)";
				SWIFT_VERSION = 4.0;
				TARGETED_DEVICE_FAMILY = "1,2";
				TEST_TARGET_NAME = FirebaseTest;
			};
			name = Debug;
		};
		59AE64792025530D00A1213B /* Release */ = {
			isa = XCBuildConfiguration;
			baseConfigurationReference = 2B0C870CDAC56964BBC08A7F /* Pods-FirebaseTestUITests.release.xcconfig */;
			buildSettings = {
				ALWAYS_EMBED_SWIFT_STANDARD_LIBRARIES = YES;
				CODE_SIGN_STYLE = Automatic;
				DEVELOPMENT_TEAM = QN8YQN7K6Q;
				INFOPLIST_FILE = FirebaseTestUITests/Info.plist;
				LD_RUNPATH_SEARCH_PATHS = "$(inherited) @executable_path/Frameworks @loader_path/Frameworks";
				PRODUCT_BUNDLE_IDENTIFIER = com.erika.FirebaseTestUITests;
				PRODUCT_NAME = "$(TARGET_NAME)";
				SWIFT_VERSION = 4.0;
				TARGETED_DEVICE_FAMILY = "1,2";
				TEST_TARGET_NAME = FirebaseTest;
			};
			name = Release;
		};
/* End XCBuildConfiguration section */

/* Begin XCConfigurationList section */
		59AE64442025530D00A1213B /* Build configuration list for PBXProject "FirebaseTest" */ = {
			isa = XCConfigurationList;
			buildConfigurations = (
				59AE646F2025530D00A1213B /* Debug */,
				59AE64702025530D00A1213B /* Release */,
			);
			defaultConfigurationIsVisible = 0;
			defaultConfigurationName = Release;
		};
		59AE64712025530D00A1213B /* Build configuration list for PBXNativeTarget "FirebaseTest" */ = {
			isa = XCConfigurationList;
			buildConfigurations = (
				59AE64722025530D00A1213B /* Debug */,
				59AE64732025530D00A1213B /* Release */,
			);
			defaultConfigurationIsVisible = 0;
			defaultConfigurationName = Release;
		};
		59AE64742025530D00A1213B /* Build configuration list for PBXNativeTarget "FirebaseTestTests" */ = {
			isa = XCConfigurationList;
			buildConfigurations = (
				59AE64752025530D00A1213B /* Debug */,
				59AE64762025530D00A1213B /* Release */,
			);
			defaultConfigurationIsVisible = 0;
			defaultConfigurationName = Release;
		};
		59AE64772025530D00A1213B /* Build configuration list for PBXNativeTarget "FirebaseTestUITests" */ = {
			isa = XCConfigurationList;
			buildConfigurations = (
				59AE64782025530D00A1213B /* Debug */,
				59AE64792025530D00A1213B /* Release */,
			);
			defaultConfigurationIsVisible = 0;
			defaultConfigurationName = Release;
		};
/* End XCConfigurationList section */
	};
	rootObject = 59AE64412025530D00A1213B /* Project object */;
}
